
Microsoft Visual Studio Solution File, Format Version 12.00
# Visual Studio Version 17
VisualStudioVersion = 17.13.35913.81 d17.13
MinimumVisualStudioVersion = 10.0.40219.1
Project("{FAE04EC0-301F-11D3-BF4B-00C04F79EFBC}") = "StreetFighter6FrameData", "StreetFighter6FrameData.csproj", "{F7C5EF52-1BDC-4FB3-926B-2645AED98CAA}"
EndProject
Global
	GlobalSection(SolutionConfigurationPlatforms) = preSolution
		Debug|Any CPU = Debug|Any CPU
		Release|Any CPU = Release|Any CPU
	EndGlobalSection
	GlobalSection(ProjectConfigurationPlatforms) = postSolution
		{F7C5EF52-1BDC-4FB3-926B-2645AED98CAA}.Debug|Any CPU.ActiveCfg = Debug|Any CPU
		{F7C5EF52-1BDC-4FB3-926B-2645AED98CAA}.Debug|Any CPU.Build.0 = Debug|Any CPU
		{F7C5EF52-1BDC-4FB3-926B-2645AED98CAA}.Release|Any CPU.ActiveCfg = Release|Any CPU
		{F7C5EF52-1BDC-4FB3-926B-2645AED98CAA}.Release|Any CPU.Build.0 = Release|Any CPU
	EndGlobalSection
	GlobalSection(SolutionProperties) = preSolution
		HideSolutionNode = FALSE
	EndGlobalSection
	GlobalSection(ExtensibilityGlobals) = postSolution
		SolutionGuid = {383E4911-18F2-4176-B137-8E2F0DE43791}
	EndGlobalSection
EndGlobal
